{
  "nodes": {
    "cmp-mini-snippets": {
      "flake": false,
      "locked": {
        "lastModified": 1737885976,
        "narHash": "sha256-gSvhxrjz6PZBgqbb4eBAwWEWSdefM4qL3nb75qGPaFA=",
        "owner": "abeldekat",
        "repo": "cmp-mini-snippets",
        "rev": "582aea215ce2e65b880e0d23585c20863fbb7604",
        "type": "github"
      },
      "original": {
        "owner": "abeldekat",
        "repo": "cmp-mini-snippets",
        "type": "github"
      }
    },
    "import-cost-nvim": {
      "flake": false,
      "locked": {
        "lastModified": 1714772241,
        "narHash": "sha256-/P3Eoqb/udYKIR+hgmKM+8wxbhWDv4ecTghZ//Y4Q+Y=",
        "owner": "barrett-ruth",
        "repo": "import-cost.nvim",
        "rev": "332b9870c7b22dcfb297a0be7d7a87c148181694",
        "type": "github"
      },
      "original": {
        "owner": "barrett-ruth",
        "repo": "import-cost.nvim",
        "type": "github"
      }
    },
    "nixpkgs": {
      "locked": {
        "lastModified": 1754498491,
        "narHash": "sha256-erbiH2agUTD0Z30xcVSFcDHzkRvkRXOQ3lb887bcVrs=",
        "owner": "nixos",
        "repo": "nixpkgs",
        "rev": "c2ae88e026f9525daf89587f3cbee584b92b6134",
        "type": "github"
      },
      "original": {
        "owner": "nixos",
        "ref": "nixos-unstable",
        "repo": "nixpkgs",
        "type": "github"
      }
    },
    "root": {
      "inputs": {
        "cmp-mini-snippets": "cmp-mini-snippets",
        "import-cost-nvim": "import-cost-nvim",
        "nixpkgs": "nixpkgs",
        "tree-sitter-nginx": "tree-sitter-nginx"
      }
    },
    "tree-sitter-nginx": {
      "flake": false,
      "locked": {
        "lastModified": 1729018975,
        "narHash": "sha256-ofFBxW4p7rZFZm9w5cyA0semYLJWFu9emv8bfTfAFok=",
        "owner": "joncoole",
        "repo": "tree-sitter-nginx",
        "rev": "f6d13cf6281b25f2ce342a49a41a10a0381e00f0",
        "type": "gitlab"
      },
      "original": {
        "owner": "joncoole",
        "repo": "tree-sitter-nginx",
        "type": "gitlab"
      }
    }
  },
  "root": "root",
  "version": 7
}
