{
  "nodes": {
    "nixpkgs": {
      "locked": {
        "lastModified": 1768127708,
        "narHash": "sha256-1Sm77VfZh3mU0F5OqKABNLWxOuDeHIlcFjsXeeiPazs=",
        "owner": "nixos",
        "repo": "nixpkgs",
        "rev": "ffbc9f8cbaacfb331b6017d5a5abb21a492c9a38",
        "type": "github"
      },
      "original": {
        "owner": "nixos",
        "ref": "nixos-unstable",
        "repo": "nixpkgs",
        "type": "github"
      }
    },
    "root": {
      "inputs": {
        "nixpkgs": "nixpkgs",
        "tree-sitter-nginx": "tree-sitter-nginx"
      }
    },
    "tree-sitter-nginx": {
      "flake": false,
      "locked": {
        "lastModified": 1729018975,
        "narHash": "sha256-ofFBxW4p7rZFZm9w5cyA0semYLJWFu9emv8bfTfAFok=",
        "owner": "joncoole",
        "repo": "tree-sitter-nginx",
        "rev": "f6d13cf6281b25f2ce342a49a41a10a0381e00f0",
        "type": "gitlab"
      },
      "original": {
        "owner": "joncoole",
        "repo": "tree-sitter-nginx",
        "type": "gitlab"
      }
    }
  },
  "root": "root",
  "version": 7
}
